
Microsoft Visual Studio Solution File, Format Version 12.00
# Visual Studio Version 16
VisualStudioVersion = 16.0.31005.135
MinimumVisualStudioVersion = 10.0.40219.1
Project("{8BC9CEB8-8B4A-11D0-8D11-00A0C91BC942}") = "Chapter03", "Chapter03\Chapter03.vcxproj", "{B0C958B4-0C7F-469A-83AD-299182A61C9D}"
EndProject
Project("{8BC9CEB8-8B4A-11D0-8D11-00A0C91BC942}") = "Chapter04", "Chapter04\Chapter04.vcxproj", "{20A4C669-5483-4200-B6CD-CA248DF01427}"
EndProject
Project("{8BC9CEB8-8B4A-11D0-8D11-00A0C91BC942}") = "Chapter05", "Chapter05\Chapter05.vcxproj", "{FA931085-BA01-4C84-8AD6-EDFA0D8C626F}"
EndProject
Project("{8BC9CEB8-8B4A-11D0-8D11-00A0C91BC942}") = "Chapter06", "Chapter06\Chapter06.vcxproj", "{EE9710D4-29A1-421C-96D5-CE1114D4B80B}"
EndProject
Project("{8BC9CEB8-8B4A-11D0-8D11-00A0C91BC942}") = "Chapter07", "Chapter07\Chapter07.vcxproj", "{F2425FF6-E062-43A1-BCE6-5642CBA1E885}"
EndProject
Project("{8BC9CEB8-8B4A-11D0-8D11-00A0C91BC942}") = "Chapter08", "Chapter08\Chapter08.vcxproj", "{4792F07D-806D-4DE1-A90B-EC0366C56E0B}"
EndProject
Project("{8BC9CEB8-8B4A-11D0-8D11-00A0C91BC942}") = "Chapter09", "Chapter09\Chapter09.vcxproj", "{1648E411-0799-4A50-BC05-28795E10C82C}"
EndProject
Project("{8BC9CEB8-8B4A-11D0-8D11-00A0C91BC942}") = "Chapter10", "Chapter10\Chapter10.vcxproj", "{6BE3F439-AD08-43F5-8E9C-4BBA879529B9}"
EndProject
Project("{8BC9CEB8-8B4A-11D0-8D11-00A0C91BC942}") = "Chapter11", "Chapter11\Chapter11.vcxproj", "{152F6541-BF4A-4866-B28E-C103CEF8CD5A}"
EndProject
Project("{8BC9CEB8-8B4A-11D0-8D11-00A0C91BC942}") = "Chapter12", "Chapter12\Chapter12.vcxproj", "{8725DC29-CAF1-4FF0-A629-A479BBC3E324}"
EndProject
Project("{8BC9CEB8-8B4A-11D0-8D11-00A0C91BC942}") = "Chapter13", "Chapter13\Chapter13.vcxproj", "{C84876C3-07B9-4CD0-B003-5F2EA3E604C9}"
EndProject
Global
	GlobalSection(SolutionConfigurationPlatforms) = preSolution
		Debug|x64 = Debug|x64
		Debug|x86 = Debug|x86
		Release|x64 = Release|x64
		Release|x86 = Release|x86
	EndGlobalSection
	GlobalSection(ProjectConfigurationPlatforms) = postSolution
		{B0C958B4-0C7F-469A-83AD-299182A61C9D}.Debug|x64.ActiveCfg = Debug|x64
		{B0C958B4-0C7F-469A-83AD-299182A61C9D}.Debug|x64.Build.0 = Debug|x64
		{B0C958B4-0C7F-469A-83AD-299182A61C9D}.Debug|x86.ActiveCfg = Debug|Win32
		{B0C958B4-0C7F-469A-83AD-299182A61C9D}.Debug|x86.Build.0 = Debug|Win32
		{B0C958B4-0C7F-469A-83AD-299182A61C9D}.Release|x64.ActiveCfg = Release|x64
		{B0C958B4-0C7F-469A-83AD-299182A61C9D}.Release|x64.Build.0 = Release|x64
		{B0C958B4-0C7F-469A-83AD-299182A61C9D}.Release|x86.ActiveCfg = Release|Win32
		{B0C958B4-0C7F-469A-83AD-299182A61C9D}.Release|x86.Build.0 = Release|Win32
		{20A4C669-5483-4200-B6CD-CA248DF01427}.Debug|x64.ActiveCfg = Debug|x64
		{20A4C669-5483-4200-B6CD-CA248DF01427}.Debug|x64.Build.0 = Debug|x64
		{20A4C669-5483-4200-B6CD-CA248DF01427}.Debug|x86.ActiveCfg = Debug|Win32
		{20A4C669-5483-4200-B6CD-CA248DF01427}.Debug|x86.Build.0 = Debug|Win32
		{20A4C669-5483-4200-B6CD-CA248DF01427}.Release|x64.ActiveCfg = Release|x64
		{20A4C669-5483-4200-B6CD-CA248DF01427}.Release|x64.Build.0 = Release|x64
		{20A4C669-5483-4200-B6CD-CA248DF01427}.Release|x86.ActiveCfg = Release|Win32
		{20A4C669-5483-4200-B6CD-CA248DF01427}.Release|x86.Build.0 = Release|Win32
		{FA931085-BA01-4C84-8AD6-EDFA0D8C626F}.Debug|x64.ActiveCfg = Debug|x64
		{FA931085-BA01-4C84-8AD6-EDFA0D8C626F}.Debug|x64.Build.0 = Debug|x64
		{FA931085-BA01-4C84-8AD6-EDFA0D8C626F}.Debug|x86.ActiveCfg = Debug|Win32
		{FA931085-BA01-4C84-8AD6-EDFA0D8C626F}.Debug|x86.Build.0 = Debug|Win32
		{FA931085-BA01-4C84-8AD6-EDFA0D8C626F}.Release|x64.ActiveCfg = Release|x64
		{FA931085-BA01-4C84-8AD6-EDFA0D8C626F}.Release|x64.Build.0 = Release|x64
		{FA931085-BA01-4C84-8AD6-EDFA0D8C626F}.Release|x86.ActiveCfg = Release|Win32
		{FA931085-BA01-4C84-8AD6-EDFA0D8C626F}.Release|x86.Build.0 = Release|Win32
		{EE9710D4-29A1-421C-96D5-CE1114D4B80B}.Debug|x64.ActiveCfg = Debug|x64
		{EE9710D4-29A1-421C-96D5-CE1114D4B80B}.Debug|x64.Build.0 = Debug|x64
		{EE9710D4-29A1-421C-96D5-CE1114D4B80B}.Debug|x86.ActiveCfg = Debug|Win32
		{EE9710D4-29A1-421C-96D5-CE1114D4B80B}.Debug|x86.Build.0 = Debug|Win32
		{EE9710D4-29A1-421C-96D5-CE1114D4B80B}.Release|x64.ActiveCfg = Release|x64
		{EE9710D4-29A1-421C-96D5-CE1114D4B80B}.Release|x64.Build.0 = Release|x64
		{EE9710D4-29A1-421C-96D5-CE1114D4B80B}.Release|x86.ActiveCfg = Release|Win32
		{EE9710D4-29A1-421C-96D5-CE1114D4B80B}.Release|x86.Build.0 = Release|Win32
		{F2425FF6-E062-43A1-BCE6-5642CBA1E885}.Debug|x64.ActiveCfg = Debug|x64
		{F2425FF6-E062-43A1-BCE6-5642CBA1E885}.Debug|x64.Build.0 = Debug|x64
		{F2425FF6-E062-43A1-BCE6-5642CBA1E885}.Debug|x86.ActiveCfg = Debug|Win32
		{F2425FF6-E062-43A1-BCE6-5642CBA1E885}.Debug|x86.Build.0 = Debug|Win32
		{F2425FF6-E062-43A1-BCE6-5642CBA1E885}.Release|x64.ActiveCfg = Release|x64
		{F2425FF6-E062-43A1-BCE6-5642CBA1E885}.Release|x64.Build.0 = Release|x64
		{F2425FF6-E062-43A1-BCE6-5642CBA1E885}.Release|x86.ActiveCfg = Release|Win32
		{F2425FF6-E062-43A1-BCE6-5642CBA1E885}.Release|x86.Build.0 = Release|Win32
		{4792F07D-806D-4DE1-A90B-EC0366C56E0B}.Debug|x64.ActiveCfg = Debug|x64
		{4792F07D-806D-4DE1-A90B-EC0366C56E0B}.Debug|x64.Build.0 = Debug|x64
		{4792F07D-806D-4DE1-A90B-EC0366C56E0B}.Debug|x86.ActiveCfg = Debug|Win32
		{4792F07D-806D-4DE1-A90B-EC0366C56E0B}.Debug|x86.Build.0 = Debug|Win32
		{4792F07D-806D-4DE1-A90B-EC0366C56E0B}.Release|x64.ActiveCfg = Release|x64
		{4792F07D-806D-4DE1-A90B-EC0366C56E0B}.Release|x64.Build.0 = Release|x64
		{4792F07D-806D-4DE1-A90B-EC0366C56E0B}.Release|x86.ActiveCfg = Release|Win32
		{4792F07D-806D-4DE1-A90B-EC0366C56E0B}.Release|x86.Build.0 = Release|Win32
		{1648E411-0799-4A50-BC05-28795E10C82C}.Debug|x64.ActiveCfg = Debug|x64
		{1648E411-0799-4A50-BC05-28795E10C82C}.Debug|x64.Build.0 = Debug|x64
		{1648E411-0799-4A50-BC05-28795E10C82C}.Debug|x86.ActiveCfg = Debug|Win32
		{1648E411-0799-4A50-BC05-28795E10C82C}.Debug|x86.Build.0 = Debug|Win32
		{1648E411-0799-4A50-BC05-28795E10C82C}.Release|x64.ActiveCfg = Release|x64
		{1648E411-0799-4A50-BC05-28795E10C82C}.Release|x64.Build.0 = Release|x64
		{1648E411-0799-4A50-BC05-28795E10C82C}.Release|x86.ActiveCfg = Release|Win32
		{1648E411-0799-4A50-BC05-28795E10C82C}.Release|x86.Build.0 = Release|Win32
		{6BE3F439-AD08-43F5-8E9C-4BBA879529B9}.Debug|x64.ActiveCfg = Debug|x64
		{6BE3F439-AD08-43F5-8E9C-4BBA879529B9}.Debug|x64.Build.0 = Debug|x64
		{6BE3F439-AD08-43F5-8E9C-4BBA879529B9}.Debug|x86.ActiveCfg = Debug|Win32
		{6BE3F439-AD08-43F5-8E9C-4BBA879529B9}.Debug|x86.Build.0 = Debug|Win32
		{6BE3F439-AD08-43F5-8E9C-4BBA879529B9}.Release|x64.ActiveCfg = Release|x64
		{6BE3F439-AD08-43F5-8E9C-4BBA879529B9}.Release|x64.Build.0 = Release|x64
		{6BE3F439-AD08-43F5-8E9C-4BBA879529B9}.Release|x86.ActiveCfg = Release|Win32
		{6BE3F439-AD08-43F5-8E9C-4BBA879529B9}.Release|x86.Build.0 = Release|Win32
		{152F6541-BF4A-4866-B28E-C103CEF8CD5A}.Debug|x64.ActiveCfg = Debug|x64
		{152F6541-BF4A-4866-B28E-C103CEF8CD5A}.Debug|x64.Build.0 = Debug|x64
		{152F6541-BF4A-4866-B28E-C103CEF8CD5A}.Debug|x86.ActiveCfg = Debug|Win32
		{152F6541-BF4A-4866-B28E-C103CEF8CD5A}.Debug|x86.Build.0 = Debug|Win32
		{152F6541-BF4A-4866-B28E-C103CEF8CD5A}.Release|x64.ActiveCfg = Release|x64
		{152F6541-BF4A-4866-B28E-C103CEF8CD5A}.Release|x64.Build.0 = Release|x64
		{152F6541-BF4A-4866-B28E-C103CEF8CD5A}.Release|x86.ActiveCfg = Release|Win32
		{152F6541-BF4A-4866-B28E-C103CEF8CD5A}.Release|x86.Build.0 = Release|Win32
		{8725DC29-CAF1-4FF0-A629-A479BBC3E324}.Debug|x64.ActiveCfg = Debug|x64
		{8725DC29-CAF1-4FF0-A629-A479BBC3E324}.Debug|x64.Build.0 = Debug|x64
		{8725DC29-CAF1-4FF0-A629-A479BBC3E324}.Debug|x86.ActiveCfg = Debug|Win32
		{8725DC29-CAF1-4FF0-A629-A479BBC3E324}.Debug|x86.Build.0 = Debug|Win32
		{8725DC29-CAF1-4FF0-A629-A479BBC3E324}.Release|x64.ActiveCfg = Release|x64
		{8725DC29-CAF1-4FF0-A629-A479BBC3E324}.Release|x64.Build.0 = Release|x64
		{8725DC29-CAF1-4FF0-A629-A479BBC3E324}.Release|x86.ActiveCfg = Release|Win32
		{8725DC29-CAF1-4FF0-A629-A479BBC3E324}.Release|x86.Build.0 = Release|Win32
		{C84876C3-07B9-4CD0-B003-5F2EA3E604C9}.Debug|x64.ActiveCfg = Debug|x64
		{C84876C3-07B9-4CD0-B003-5F2EA3E604C9}.Debug|x64.Build.0 = Debug|x64
		{C84876C3-07B9-4CD0-B003-5F2EA3E604C9}.Debug|x86.ActiveCfg = Debug|Win32
		{C84876C3-07B9-4CD0-B003-5F2EA3E604C9}.Debug|x86.Build.0 = Debug|Win32
		{C84876C3-07B9-4CD0-B003-5F2EA3E604C9}.Release|x64.ActiveCfg = Release|x64
		{C84876C3-07B9-4CD0-B003-5F2EA3E604C9}.Release|x64.Build.0 = Release|x64
		{C84876C3-07B9-4CD0-B003-5F2EA3E604C9}.Release|x86.ActiveCfg = Release|Win32
		{C84876C3-07B9-4CD0-B003-5F2EA3E604C9}.Release|x86.Build.0 = Release|Win32
	EndGlobalSection
	GlobalSection(SolutionProperties) = preSolution
		HideSolutionNode = FALSE
	EndGlobalSection
	GlobalSection(ExtensibilityGlobals) = postSolution
		SolutionGuid = {B5E754DF-DA00-4E49-A992-A13B2C15022D}
	EndGlobalSection
EndGlobal
