
Microsoft Visual Studio Solution File, Format Version 12.00
# Visual Studio Version 16
VisualStudioVersion = 16.0.31005.135
MinimumVisualStudioVersion = 10.0.40219.1
Project("{8BC9CEB8-8B4A-11D0-8D11-00A0C91BC942}") = "Chapter3", "Chapter3\Chapter3.vcxproj", "{B0C958B4-0C7F-469A-83AD-299182A61C9D}"
EndProject
Project("{8BC9CEB8-8B4A-11D0-8D11-00A0C91BC942}") = "Chapter4", "Chapter4\Chapter4.vcxproj", "{20A4C669-5483-4200-B6CD-CA248DF01427}"
EndProject
Project("{8BC9CEB8-8B4A-11D0-8D11-00A0C91BC942}") = "Chapter5", "Chapter5\Chapter5.vcxproj", "{FA931085-BA01-4C84-8AD6-EDFA0D8C626F}"
EndProject
Project("{8BC9CEB8-8B4A-11D0-8D11-00A0C91BC942}") = "Chapter6", "Chapter6\Chapter6.vcxproj", "{EE9710D4-29A1-421C-96D5-CE1114D4B80B}"
EndProject
Project("{8BC9CEB8-8B4A-11D0-8D11-00A0C91BC942}") = "Chapter7", "Chapter7\Chapter7.vcxproj", "{F2425FF6-E062-43A1-BCE6-5642CBA1E885}"
EndProject
Project("{8BC9CEB8-8B4A-11D0-8D11-00A0C91BC942}") = "Chapter8", "Chapter8\Chapter8.vcxproj", "{4792F07D-806D-4DE1-A90B-EC0366C56E0B}"
EndProject
Global
	GlobalSection(SolutionConfigurationPlatforms) = preSolution
		Debug|x64 = Debug|x64
		Debug|x86 = Debug|x86
		Release|x64 = Release|x64
		Release|x86 = Release|x86
	EndGlobalSection
	GlobalSection(ProjectConfigurationPlatforms) = postSolution
		{B0C958B4-0C7F-469A-83AD-299182A61C9D}.Debug|x64.ActiveCfg = Debug|x64
		{B0C958B4-0C7F-469A-83AD-299182A61C9D}.Debug|x64.Build.0 = Debug|x64
		{B0C958B4-0C7F-469A-83AD-299182A61C9D}.Debug|x86.ActiveCfg = Debug|Win32
		{B0C958B4-0C7F-469A-83AD-299182A61C9D}.Debug|x86.Build.0 = Debug|Win32
		{B0C958B4-0C7F-469A-83AD-299182A61C9D}.Release|x64.ActiveCfg = Release|x64
		{B0C958B4-0C7F-469A-83AD-299182A61C9D}.Release|x64.Build.0 = Release|x64
		{B0C958B4-0C7F-469A-83AD-299182A61C9D}.Release|x86.ActiveCfg = Release|Win32
		{B0C958B4-0C7F-469A-83AD-299182A61C9D}.Release|x86.Build.0 = Release|Win32
		{20A4C669-5483-4200-B6CD-CA248DF01427}.Debug|x64.ActiveCfg = Debug|x64
		{20A4C669-5483-4200-B6CD-CA248DF01427}.Debug|x64.Build.0 = Debug|x64
		{20A4C669-5483-4200-B6CD-CA248DF01427}.Debug|x86.ActiveCfg = Debug|Win32
		{20A4C669-5483-4200-B6CD-CA248DF01427}.Debug|x86.Build.0 = Debug|Win32
		{20A4C669-5483-4200-B6CD-CA248DF01427}.Release|x64.ActiveCfg = Release|x64
		{20A4C669-5483-4200-B6CD-CA248DF01427}.Release|x64.Build.0 = Release|x64
		{20A4C669-5483-4200-B6CD-CA248DF01427}.Release|x86.ActiveCfg = Release|Win32
		{20A4C669-5483-4200-B6CD-CA248DF01427}.Release|x86.Build.0 = Release|Win32
		{FA931085-BA01-4C84-8AD6-EDFA0D8C626F}.Debug|x64.ActiveCfg = Debug|x64
		{FA931085-BA01-4C84-8AD6-EDFA0D8C626F}.Debug|x64.Build.0 = Debug|x64
		{FA931085-BA01-4C84-8AD6-EDFA0D8C626F}.Debug|x86.ActiveCfg = Debug|Win32
		{FA931085-BA01-4C84-8AD6-EDFA0D8C626F}.Debug|x86.Build.0 = Debug|Win32
		{FA931085-BA01-4C84-8AD6-EDFA0D8C626F}.Release|x64.ActiveCfg = Release|x64
		{FA931085-BA01-4C84-8AD6-EDFA0D8C626F}.Release|x64.Build.0 = Release|x64
		{FA931085-BA01-4C84-8AD6-EDFA0D8C626F}.Release|x86.ActiveCfg = Release|Win32
		{FA931085-BA01-4C84-8AD6-EDFA0D8C626F}.Release|x86.Build.0 = Release|Win32
		{EE9710D4-29A1-421C-96D5-CE1114D4B80B}.Debug|x64.ActiveCfg = Debug|x64
		{EE9710D4-29A1-421C-96D5-CE1114D4B80B}.Debug|x64.Build.0 = Debug|x64
		{EE9710D4-29A1-421C-96D5-CE1114D4B80B}.Debug|x86.ActiveCfg = Debug|Win32
		{EE9710D4-29A1-421C-96D5-CE1114D4B80B}.Debug|x86.Build.0 = Debug|Win32
		{EE9710D4-29A1-421C-96D5-CE1114D4B80B}.Release|x64.ActiveCfg = Release|x64
		{EE9710D4-29A1-421C-96D5-CE1114D4B80B}.Release|x64.Build.0 = Release|x64
		{EE9710D4-29A1-421C-96D5-CE1114D4B80B}.Release|x86.ActiveCfg = Release|Win32
		{EE9710D4-29A1-421C-96D5-CE1114D4B80B}.Release|x86.Build.0 = Release|Win32
		{F2425FF6-E062-43A1-BCE6-5642CBA1E885}.Debug|x64.ActiveCfg = Debug|x64
		{F2425FF6-E062-43A1-BCE6-5642CBA1E885}.Debug|x64.Build.0 = Debug|x64
		{F2425FF6-E062-43A1-BCE6-5642CBA1E885}.Debug|x86.ActiveCfg = Debug|Win32
		{F2425FF6-E062-43A1-BCE6-5642CBA1E885}.Debug|x86.Build.0 = Debug|Win32
		{F2425FF6-E062-43A1-BCE6-5642CBA1E885}.Release|x64.ActiveCfg = Release|x64
		{F2425FF6-E062-43A1-BCE6-5642CBA1E885}.Release|x64.Build.0 = Release|x64
		{F2425FF6-E062-43A1-BCE6-5642CBA1E885}.Release|x86.ActiveCfg = Release|Win32
		{F2425FF6-E062-43A1-BCE6-5642CBA1E885}.Release|x86.Build.0 = Release|Win32
		{4792F07D-806D-4DE1-A90B-EC0366C56E0B}.Debug|x64.ActiveCfg = Debug|x64
		{4792F07D-806D-4DE1-A90B-EC0366C56E0B}.Debug|x64.Build.0 = Debug|x64
		{4792F07D-806D-4DE1-A90B-EC0366C56E0B}.Debug|x86.ActiveCfg = Debug|Win32
		{4792F07D-806D-4DE1-A90B-EC0366C56E0B}.Debug|x86.Build.0 = Debug|Win32
		{4792F07D-806D-4DE1-A90B-EC0366C56E0B}.Release|x64.ActiveCfg = Release|x64
		{4792F07D-806D-4DE1-A90B-EC0366C56E0B}.Release|x64.Build.0 = Release|x64
		{4792F07D-806D-4DE1-A90B-EC0366C56E0B}.Release|x86.ActiveCfg = Release|Win32
		{4792F07D-806D-4DE1-A90B-EC0366C56E0B}.Release|x86.Build.0 = Release|Win32
	EndGlobalSection
	GlobalSection(SolutionProperties) = preSolution
		HideSolutionNode = FALSE
	EndGlobalSection
	GlobalSection(ExtensibilityGlobals) = postSolution
		SolutionGuid = {B5E754DF-DA00-4E49-A992-A13B2C15022D}
	EndGlobalSection
EndGlobal
